
Microsoft Visual Studio Solution File, Format Version 12.00
# Visual Studio 15
VisualStudioVersion = 15.0.27004.2002
MinimumVisualStudioVersion = 10.0.40219.1
Project("{FAE04EC0-301F-11D3-BF4B-00C04F79EFBC}") = "URLShortener", "URLShortener\URLShortener.csproj", "{12FFA5EE-2A2B-4D26-B332-C230618CDFCC}"
EndProject
Global
	GlobalSection(SolutionConfigurationPlatforms) = preSolution
		Debug|Any CPU = Debug|Any CPU
		Release|Any CPU = Release|Any CPU
	EndGlobalSection
	GlobalSection(ProjectConfigurationPlatforms) = postSolution
		{12FFA5EE-2A2B-4D26-B332-C230618CDFCC}.Debug|Any CPU.ActiveCfg = Debug|Any CPU
		{12FFA5EE-2A2B-4D26-B332-C230618CDFCC}.Debug|Any CPU.Build.0 = Debug|Any CPU
		{12FFA5EE-2A2B-4D26-B332-C230618CDFCC}.Release|Any CPU.ActiveCfg = Release|Any CPU
		{12FFA5EE-2A2B-4D26-B332-C230618CDFCC}.Release|Any CPU.Build.0 = Release|Any CPU
	EndGlobalSection
	GlobalSection(SolutionProperties) = preSolution
		HideSolutionNode = FALSE
	EndGlobalSection
	GlobalSection(ExtensibilityGlobals) = postSolution
		SolutionGuid = {3A5E49DF-3FD3-4B37-9D72-8287633D4159}
	EndGlobalSection
EndGlobal
